
Microsoft Visual Studio Solution File, Format Version 12.00
# Visual Studio Version 16
VisualStudioVersion = 16.0.29123.88
MinimumVisualStudioVersion = 10.0.40219.1
Project("{FAE04EC0-301F-11D3-BF4B-00C04F79EFBC}") = "Cw1ConsoleApp", "Cw1ConsoleApp\Cw1ConsoleApp.csproj", "{2B6069BF-E08A-4931-8A8D-44DD73E52A51}"
EndProject
Global
	GlobalSection(SolutionConfigurationPlatforms) = preSolution
		Debug|Any CPU = Debug|Any CPU
		Release|Any CPU = Release|Any CPU
	EndGlobalSection
	GlobalSection(ProjectConfigurationPlatforms) = postSolution
		{2B6069BF-E08A-4931-8A8D-44DD73E52A51}.Debug|Any CPU.ActiveCfg = Debug|Any CPU
		{2B6069BF-E08A-4931-8A8D-44DD73E52A51}.Debug|Any CPU.Build.0 = Debug|Any CPU
		{2B6069BF-E08A-4931-8A8D-44DD73E52A51}.Release|Any CPU.ActiveCfg = Release|Any CPU
		{2B6069BF-E08A-4931-8A8D-44DD73E52A51}.Release|Any CPU.Build.0 = Release|Any CPU
	EndGlobalSection
	GlobalSection(SolutionProperties) = preSolution
		HideSolutionNode = FALSE
	EndGlobalSection
	GlobalSection(ExtensibilityGlobals) = postSolution
		SolutionGuid = {1A7DE131-111F-490D-A342-95770D2F48FA}
	EndGlobalSection
EndGlobal
